{
  "name": "nidget-mock",
  "version": "1.0.0",
  "lockfileVersion": 2,
  "requires": true,
  "packages": {
    "": {
      "name": "nidget-mock",
      "version": "1.0.0",
      "license": "ISC",
      "dependencies": {
        "@thaerious/nidget-renderer": "file:../.."
      }
    },
    "../..": {
      "version": "0.1.0",
      "license": "MIT",
      "dependencies": {
        "@thaerious/logger": "^0.1.1",
        "@thaerious/parseargs": "^0.*.*",
        "acorn": "^8.6.0",
        "ejs": "^3.1.6",
        "express": "^4.17.2",
        "famous-trivia-game": "file:../game",
        "glob": "^7.2.0",
        "glob-fs": "^0.1.7",
        "http": "^0.0.1-security",
        "linkedom": "^0.13.0",
        "ws": "^8.4.0"
      },
      "bin": {
        "create_nidget": "src/createNidget.js",
        "render": "src/watcher.js"
      },
      "devDependencies": {
        "@babel/cli": "^7.0.0",
        "@babel/core": "^7.0.0",
        "@babel/plugin-transform-runtime": "^7.16.8",
        "@babel/preset-env": "^7.16.8",
        "babel-cli": "^6.26.0",
        "babelify": "^10.0.0",
        "browserify": "^17.0.0",
        "eslint": "^7.32.0",
        "eslint-config-standard": "^16.0.3",
        "eslint-plugin-import": "^2.25.4",
        "eslint-plugin-node": "^11.1.0",
        "eslint-plugin-promise": "^5.2.0",
        "mocha": "^9.1.3",
        "sass": "^1.44.0"
      }
    },
    "node_modules/@thaerious/nidget-renderer": {
      "resolved": "../..",
      "link": true
    }
  },
  "dependencies": {
    "@thaerious/nidget-renderer": {
      "version": "file:../..",
      "requires": {
        "@babel/cli": "^7.0.0",
        "@babel/core": "^7.0.0",
        "@babel/plugin-transform-runtime": "^7.16.8",
        "@babel/preset-env": "^7.16.8",
        "@thaerious/logger": "^0.1.1",
        "@thaerious/parseargs": "^0.*.*",
        "acorn": "^8.6.0",
        "babel-cli": "^6.26.0",
        "babelify": "^10.0.0",
        "browserify": "^17.0.0",
        "ejs": "^3.1.6",
        "eslint": "^7.32.0",
        "eslint-config-standard": "^16.0.3",
        "eslint-plugin-import": "^2.25.4",
        "eslint-plugin-node": "^11.1.0",
        "eslint-plugin-promise": "^5.2.0",
        "express": "^4.17.2",
        "famous-trivia-game": "file:../game",
        "glob": "^7.2.0",
        "glob-fs": "^0.1.7",
        "http": "^0.0.1-security",
        "linkedom": "^0.13.0",
        "mocha": "^9.1.3",
        "sass": "^1.44.0",
        "ws": "^8.4.0"
      }
    }
  }
}
